
Microsoft Visual Studio Solution File, Format Version 12.00
# Visual Studio Version 17
VisualStudioVersion = 17.9.34728.123
MinimumVisualStudioVersion = 10.0.40219.1
Project("{FAE04EC0-301F-11D3-BF4B-00C04F79EFBC}") = "Assignment5.1.1", "Assignment5.1.1.csproj", "{A134C984-6B84-49D5-B85E-6632117C6756}"
EndProject
Global
	GlobalSection(SolutionConfigurationPlatforms) = preSolution
		Debug|Any CPU = Debug|Any CPU
		Release|Any CPU = Release|Any CPU
	EndGlobalSection
	GlobalSection(ProjectConfigurationPlatforms) = postSolution
		{A134C984-6B84-49D5-B85E-6632117C6756}.Debug|Any CPU.ActiveCfg = Debug|Any CPU
		{A134C984-6B84-49D5-B85E-6632117C6756}.Debug|Any CPU.Build.0 = Debug|Any CPU
		{A134C984-6B84-49D5-B85E-6632117C6756}.Release|Any CPU.ActiveCfg = Release|Any CPU
		{A134C984-6B84-49D5-B85E-6632117C6756}.Release|Any CPU.Build.0 = Release|Any CPU
	EndGlobalSection
	GlobalSection(SolutionProperties) = preSolution
		HideSolutionNode = FALSE
	EndGlobalSection
	GlobalSection(ExtensibilityGlobals) = postSolution
		SolutionGuid = {9F18E8D7-73EF-4B59-AB9C-A30243FF1BDF}
	EndGlobalSection
EndGlobal
